// !$*UTF8*$!
{
	archiveVersion = 1;
	classes = {
	};
	objectVersion = 56;
	objects = {

/* Begin PBXBuildFile section */
		F027AF7C2CD148E400AE1859 /* ProfileView.swift in Sources */ = {isa = PBXBuildFile; fileRef = F027AF7B2CD148E400AE1859 /* ProfileView.swift */; };
		F027AF7E2CD1490000AE1859 /* ToDoListView.swift in Sources */ = {isa = PBXBuildFile; fileRef = F027AF7D2CD1490000AE1859 /* ToDoListView.swift */; };
		F027AF802CD1491000AE1859 /* NewItemView.swift in Sources */ = {isa = PBXBuildFile; fileRef = F027AF7F2CD1491000AE1859 /* NewItemView.swift */; };
		F027AF822CD1491D00AE1859 /* LoginView.swift in Sources */ = {isa = PBXBuildFile; fileRef = F027AF812CD1491D00AE1859 /* LoginView.swift */; };
		F027AF842CD1493D00AE1859 /* RegisterView.swift in Sources */ = {isa = PBXBuildFile; fileRef = F027AF832CD1493D00AE1859 /* RegisterView.swift */; };
		F027AF862CD1496200AE1859 /* ToDoListItemView.swift in Sources */ = {isa = PBXBuildFile; fileRef = F027AF852CD1496200AE1859 /* ToDoListItemView.swift */; };
		F027AF882CD1497D00AE1859 /* User.swift in Sources */ = {isa = PBXBuildFile; fileRef = F027AF872CD1497D00AE1859 /* User.swift */; };
		F027AF8A2CD1498B00AE1859 /* ToDoListItem.swift in Sources */ = {isa = PBXBuildFile; fileRef = F027AF892CD1498B00AE1859 /* ToDoListItem.swift */; };
		F027AF8C2CD149B500AE1859 /* MainViewViewModel.swift in Sources */ = {isa = PBXBuildFile; fileRef = F027AF8B2CD149B500AE1859 /* MainViewViewModel.swift */; };
		F027AF8E2CD149C600AE1859 /* ProfileViewViewModel.swift in Sources */ = {isa = PBXBuildFile; fileRef = F027AF8D2CD149C600AE1859 /* ProfileViewViewModel.swift */; };
		F027AF902CD149E000AE1859 /* NewItemViewViewModel.swift in Sources */ = {isa = PBXBuildFile; fileRef = F027AF8F2CD149E000AE1859 /* NewItemViewViewModel.swift */; };
		F027AF922CD149EF00AE1859 /* LoginViewViewModel.swift in Sources */ = {isa = PBXBuildFile; fileRef = F027AF912CD149EF00AE1859 /* LoginViewViewModel.swift */; };
		F027AF942CD14A0100AE1859 /* ToDoListViewViewModel.swift in Sources */ = {isa = PBXBuildFile; fileRef = F027AF932CD14A0100AE1859 /* ToDoListViewViewModel.swift */; };
		F027AF962CD14A1D00AE1859 /* ToDoListItemViewViewModel.swift in Sources */ = {isa = PBXBuildFile; fileRef = F027AF952CD14A1D00AE1859 /* ToDoListItemViewViewModel.swift */; };
		F027AF982CD14A3E00AE1859 /* RegisterViewViewModel.swift in Sources */ = {isa = PBXBuildFile; fileRef = F027AF972CD14A3E00AE1859 /* RegisterViewViewModel.swift */; };
		F027AF9A2CD1540E00AE1859 /* HeaderView.swift in Sources */ = {isa = PBXBuildFile; fileRef = F027AF992CD1540E00AE1859 /* HeaderView.swift */; };
		F0A30A922CD14189000B9C93 /* TO_DOApp.swift in Sources */ = {isa = PBXBuildFile; fileRef = F0A30A912CD14189000B9C93 /* TO_DOApp.swift */; };
		F0A30A942CD14189000B9C93 /* MainView.swift in Sources */ = {isa = PBXBuildFile; fileRef = F0A30A932CD14189000B9C93 /* MainView.swift */; };
		F0A30A962CD1418B000B9C93 /* Assets.xcassets in Resources */ = {isa = PBXBuildFile; fileRef = F0A30A952CD1418B000B9C93 /* Assets.xcassets */; };
		F0A30A992CD1418B000B9C93 /* Preview Assets.xcassets in Resources */ = {isa = PBXBuildFile; fileRef = F0A30A982CD1418B000B9C93 /* Preview Assets.xcassets */; };
		F0A30AA12CD145A2000B9C93 /* FirebaseAnalytics in Frameworks */ = {isa = PBXBuildFile; productRef = F0A30AA02CD145A2000B9C93 /* FirebaseAnalytics */; };
		F0A30AA32CD145A2000B9C93 /* FirebaseAuth in Frameworks */ = {isa = PBXBuildFile; productRef = F0A30AA22CD145A2000B9C93 /* FirebaseAuth */; };
		F0A30AA52CD145A2000B9C93 /* FirebaseCore in Frameworks */ = {isa = PBXBuildFile; productRef = F0A30AA42CD145A2000B9C93 /* FirebaseCore */; };
		F0A30AA72CD145A2000B9C93 /* FirebaseDatabase in Frameworks */ = {isa = PBXBuildFile; productRef = F0A30AA62CD145A2000B9C93 /* FirebaseDatabase */; };
		F0A30AA92CD145A2000B9C93 /* FirebaseFirestore in Frameworks */ = {isa = PBXBuildFile; productRef = F0A30AA82CD145A2000B9C93 /* FirebaseFirestore */; };
		F0A30AAB2CD145A2000B9C93 /* FirebaseStorage in Frameworks */ = {isa = PBXBuildFile; productRef = F0A30AAA2CD145A2000B9C93 /* FirebaseStorage */; };
		F0A30AAD2CD145DF000B9C93 /* GoogleService-Info.plist in Resources */ = {isa = PBXBuildFile; fileRef = F0A30AAC2CD145DF000B9C93 /* GoogleService-Info.plist */; };
/* End PBXBuildFile section */

/* Begin PBXFileReference section */
		F027AF7B2CD148E400AE1859 /* ProfileView.swift */ = {isa = PBXFileReference; lastKnownFileType = sourcecode.swift; path = ProfileView.swift; sourceTree = "<group>"; };
		F027AF7D2CD1490000AE1859 /* ToDoListView.swift */ = {isa = PBXFileReference; lastKnownFileType = sourcecode.swift; path = ToDoListView.swift; sourceTree = "<group>"; };
		F027AF7F2CD1491000AE1859 /* NewItemView.swift */ = {isa = PBXFileReference; lastKnownFileType = sourcecode.swift; path = NewItemView.swift; sourceTree = "<group>"; };
		F027AF812CD1491D00AE1859 /* LoginView.swift */ = {isa = PBXFileReference; lastKnownFileType = sourcecode.swift; path = LoginView.swift; sourceTree = "<group>"; };
		F027AF832CD1493D00AE1859 /* RegisterView.swift */ = {isa = PBXFileReference; lastKnownFileType = sourcecode.swift; path = RegisterView.swift; sourceTree = "<group>"; };
		F027AF852CD1496200AE1859 /* ToDoListItemView.swift */ = {isa = PBXFileReference; lastKnownFileType = sourcecode.swift; path = ToDoListItemView.swift; sourceTree = "<group>"; };
		F027AF872CD1497D00AE1859 /* User.swift */ = {isa = PBXFileReference; lastKnownFileType = sourcecode.swift; path = User.swift; sourceTree = "<group>"; };
		F027AF892CD1498B00AE1859 /* ToDoListItem.swift */ = {isa = PBXFileReference; lastKnownFileType = sourcecode.swift; path = ToDoListItem.swift; sourceTree = "<group>"; };
		F027AF8B2CD149B500AE1859 /* MainViewViewModel.swift */ = {isa = PBXFileReference; lastKnownFileType = sourcecode.swift; path = MainViewViewModel.swift; sourceTree = "<group>"; };
		F027AF8D2CD149C600AE1859 /* ProfileViewViewModel.swift */ = {isa = PBXFileReference; lastKnownFileType = sourcecode.swift; path = ProfileViewViewModel.swift; sourceTree = "<group>"; };
		F027AF8F2CD149E000AE1859 /* NewItemViewViewModel.swift */ = {isa = PBXFileReference; lastKnownFileType = sourcecode.swift; path = NewItemViewViewModel.swift; sourceTree = "<group>"; };
		F027AF912CD149EF00AE1859 /* LoginViewViewModel.swift */ = {isa = PBXFileReference; lastKnownFileType = sourcecode.swift; path = LoginViewViewModel.swift; sourceTree = "<group>"; };
		F027AF932CD14A0100AE1859 /* ToDoListViewViewModel.swift */ = {isa = PBXFileReference; lastKnownFileType = sourcecode.swift; path = ToDoListViewViewModel.swift; sourceTree = "<group>"; };
		F027AF952CD14A1D00AE1859 /* ToDoListItemViewViewModel.swift */ = {isa = PBXFileReference; lastKnownFileType = sourcecode.swift; path = ToDoListItemViewViewModel.swift; sourceTree = "<group>"; };
		F027AF972CD14A3E00AE1859 /* RegisterViewViewModel.swift */ = {isa = PBXFileReference; lastKnownFileType = sourcecode.swift; path = RegisterViewViewModel.swift; sourceTree = "<group>"; };
		F027AF992CD1540E00AE1859 /* HeaderView.swift */ = {isa = PBXFileReference; lastKnownFileType = sourcecode.swift; path = HeaderView.swift; sourceTree = "<group>"; };
		F0A30A8E2CD14189000B9C93 /* TO-DO.app */ = {isa = PBXFileReference; explicitFileType = wrapper.application; includeInIndex = 0; path = "TO-DO.app"; sourceTree = BUILT_PRODUCTS_DIR; };
		F0A30A912CD14189000B9C93 /* TO_DOApp.swift */ = {isa = PBXFileReference; lastKnownFileType = sourcecode.swift; path = TO_DOApp.swift; sourceTree = "<group>"; };
		F0A30A932CD14189000B9C93 /* MainView.swift */ = {isa = PBXFileReference; lastKnownFileType = sourcecode.swift; path = MainView.swift; sourceTree = "<group>"; };
		F0A30A952CD1418B000B9C93 /* Assets.xcassets */ = {isa = PBXFileReference; lastKnownFileType = folder.assetcatalog; path = Assets.xcassets; sourceTree = "<group>"; };
		F0A30A982CD1418B000B9C93 /* Preview Assets.xcassets */ = {isa = PBXFileReference; lastKnownFileType = folder.assetcatalog; path = "Preview Assets.xcassets"; sourceTree = "<group>"; };
		F0A30AAC2CD145DF000B9C93 /* GoogleService-Info.plist */ = {isa = PBXFileReference; fileEncoding = 4; lastKnownFileType = text.plist.xml; path = "GoogleService-Info.plist"; sourceTree = "<group>"; };
/* End PBXFileReference section */

/* Begin PBXFrameworksBuildPhase section */
		F0A30A8B2CD14189000B9C93 /* Frameworks */ = {
			isa = PBXFrameworksBuildPhase;
			buildActionMask = 2147483647;
			files = (
				F0A30AA12CD145A2000B9C93 /* FirebaseAnalytics in Frameworks */,
				F0A30AA52CD145A2000B9C93 /* FirebaseCore in Frameworks */,
				F0A30AA72CD145A2000B9C93 /* FirebaseDatabase in Frameworks */,
				F0A30AA92CD145A2000B9C93 /* FirebaseFirestore in Frameworks */,
				F0A30AA32CD145A2000B9C93 /* FirebaseAuth in Frameworks */,
				F0A30AAB2CD145A2000B9C93 /* FirebaseStorage in Frameworks */,
			);
			runOnlyForDeploymentPostprocessing = 0;
		};
/* End PBXFrameworksBuildPhase section */

/* Begin PBXGroup section */
		F0A30A852CD14189000B9C93 = {
			isa = PBXGroup;
			children = (
				F0A30A902CD14189000B9C93 /* TO-DO */,
				F0A30A8F2CD14189000B9C93 /* Products */,
			);
			sourceTree = "<group>";
		};
		F0A30A8F2CD14189000B9C93 /* Products */ = {
			isa = PBXGroup;
			children = (
				F0A30A8E2CD14189000B9C93 /* TO-DO.app */,
			);
			name = Products;
			sourceTree = "<group>";
		};
		F0A30A902CD14189000B9C93 /* TO-DO */ = {
			isa = PBXGroup;
			children = (
				F0A30AB12CD146CD000B9C93 /* Others */,
				F0A30AB02CD146C4000B9C93 /* ViewModels */,
				F0A30AAF2CD146BC000B9C93 /* Models */,
				F0A30AAE2CD146AC000B9C93 /* Views */,
				F0A30A972CD1418B000B9C93 /* Preview Content */,
			);
			path = "TO-DO";
			sourceTree = "<group>";
		};
		F0A30A972CD1418B000B9C93 /* Preview Content */ = {
			isa = PBXGroup;
			children = (
				F0A30A982CD1418B000B9C93 /* Preview Assets.xcassets */,
			);
			path = "Preview Content";
			sourceTree = "<group>";
		};
		F0A30AAE2CD146AC000B9C93 /* Views */ = {
			isa = PBXGroup;
			children = (
				F0A30A932CD14189000B9C93 /* MainView.swift */,
				F027AF7B2CD148E400AE1859 /* ProfileView.swift */,
				F027AF7D2CD1490000AE1859 /* ToDoListView.swift */,
				F027AF7F2CD1491000AE1859 /* NewItemView.swift */,
				F027AF812CD1491D00AE1859 /* LoginView.swift */,
				F027AF832CD1493D00AE1859 /* RegisterView.swift */,
				F027AF852CD1496200AE1859 /* ToDoListItemView.swift */,
				F027AF992CD1540E00AE1859 /* HeaderView.swift */,
			);
			path = Views;
			sourceTree = "<group>";
		};
		F0A30AAF2CD146BC000B9C93 /* Models */ = {
			isa = PBXGroup;
			children = (
				F027AF872CD1497D00AE1859 /* User.swift */,
				F027AF892CD1498B00AE1859 /* ToDoListItem.swift */,
			);
			path = Models;
			sourceTree = "<group>";
		};
		F0A30AB02CD146C4000B9C93 /* ViewModels */ = {
			isa = PBXGroup;
			children = (
				F027AF8B2CD149B500AE1859 /* MainViewViewModel.swift */,
				F027AF8D2CD149C600AE1859 /* ProfileViewViewModel.swift */,
				F027AF8F2CD149E000AE1859 /* NewItemViewViewModel.swift */,
				F027AF912CD149EF00AE1859 /* LoginViewViewModel.swift */,
				F027AF932CD14A0100AE1859 /* ToDoListViewViewModel.swift */,
				F027AF952CD14A1D00AE1859 /* ToDoListItemViewViewModel.swift */,
				F027AF972CD14A3E00AE1859 /* RegisterViewViewModel.swift */,
			);
			path = ViewModels;
			sourceTree = "<group>";
		};
		F0A30AB12CD146CD000B9C93 /* Others */ = {
			isa = PBXGroup;
			children = (
				F0A30A912CD14189000B9C93 /* TO_DOApp.swift */,
				F0A30AAC2CD145DF000B9C93 /* GoogleService-Info.plist */,
				F0A30A952CD1418B000B9C93 /* Assets.xcassets */,
			);
			path = Others;
			sourceTree = "<group>";
		};
/* End PBXGroup section */

/* Begin PBXNativeTarget section */
		F0A30A8D2CD14189000B9C93 /* TO-DO */ = {
			isa = PBXNativeTarget;
			buildConfigurationList = F0A30A9C2CD1418B000B9C93 /* Build configuration list for PBXNativeTarget "TO-DO" */;
			buildPhases = (
				F0A30A8A2CD14189000B9C93 /* Sources */,
				F0A30A8B2CD14189000B9C93 /* Frameworks */,
				F0A30A8C2CD14189000B9C93 /* Resources */,
			);
			buildRules = (
			);
			dependencies = (
			);
			name = "TO-DO";
			packageProductDependencies = (
				F0A30AA02CD145A2000B9C93 /* FirebaseAnalytics */,
				F0A30AA22CD145A2000B9C93 /* FirebaseAuth */,
				F0A30AA42CD145A2000B9C93 /* FirebaseCore */,
				F0A30AA62CD145A2000B9C93 /* FirebaseDatabase */,
				F0A30AA82CD145A2000B9C93 /* FirebaseFirestore */,
				F0A30AAA2CD145A2000B9C93 /* FirebaseStorage */,
			);
			productName = "TO-DO";
			productReference = F0A30A8E2CD14189000B9C93 /* TO-DO.app */;
			productType = "com.apple.product-type.application";
		};
/* End PBXNativeTarget section */

/* Begin PBXProject section */
		F0A30A862CD14189000B9C93 /* Project object */ = {
			isa = PBXProject;
			attributes = {
				BuildIndependentTargetsInParallel = 1;
				LastSwiftUpdateCheck = 1530;
				LastUpgradeCheck = 1530;
				TargetAttributes = {
					F0A30A8D2CD14189000B9C93 = {
						CreatedOnToolsVersion = 15.3;
					};
				};
			};
			buildConfigurationList = F0A30A892CD14189000B9C93 /* Build configuration list for PBXProject "TO-DO" */;
			compatibilityVersion = "Xcode 14.0";
			developmentRegion = en;
			hasScannedForEncodings = 0;
			knownRegions = (
				en,
				Base,
			);
			mainGroup = F0A30A852CD14189000B9C93;
			packageReferences = (
				F0A30A9F2CD145A1000B9C93 /* XCRemoteSwiftPackageReference "firebase-ios-sdk" */,
			);
			productRefGroup = F0A30A8F2CD14189000B9C93 /* Products */;
			projectDirPath = "";
			projectRoot = "";
			targets = (
				F0A30A8D2CD14189000B9C93 /* TO-DO */,
			);
		};
/* End PBXProject section */

/* Begin PBXResourcesBuildPhase section */
		F0A30A8C2CD14189000B9C93 /* Resources */ = {
			isa = PBXResourcesBuildPhase;
			buildActionMask = 2147483647;
			files = (
				F0A30A992CD1418B000B9C93 /* Preview Assets.xcassets in Resources */,
				F0A30A962CD1418B000B9C93 /* Assets.xcassets in Resources */,
				F0A30AAD2CD145DF000B9C93 /* GoogleService-Info.plist in Resources */,
			);
			runOnlyForDeploymentPostprocessing = 0;
		};
/* End PBXResourcesBuildPhase section */

/* Begin PBXSourcesBuildPhase section */
		F0A30A8A2CD14189000B9C93 /* Sources */ = {
			isa = PBXSourcesBuildPhase;
			buildActionMask = 2147483647;
			files = (
				F027AF822CD1491D00AE1859 /* LoginView.swift in Sources */,
				F027AF9A2CD1540E00AE1859 /* HeaderView.swift in Sources */,
				F027AF922CD149EF00AE1859 /* LoginViewViewModel.swift in Sources */,
				F027AF982CD14A3E00AE1859 /* RegisterViewViewModel.swift in Sources */,
				F027AF962CD14A1D00AE1859 /* ToDoListItemViewViewModel.swift in Sources */,
				F0A30A942CD14189000B9C93 /* MainView.swift in Sources */,
				F027AF8C2CD149B500AE1859 /* MainViewViewModel.swift in Sources */,
				F027AF942CD14A0100AE1859 /* ToDoListViewViewModel.swift in Sources */,
				F027AF902CD149E000AE1859 /* NewItemViewViewModel.swift in Sources */,
				F027AF7C2CD148E400AE1859 /* ProfileView.swift in Sources */,
				F027AF842CD1493D00AE1859 /* RegisterView.swift in Sources */,
				F027AF8E2CD149C600AE1859 /* ProfileViewViewModel.swift in Sources */,
				F027AF7E2CD1490000AE1859 /* ToDoListView.swift in Sources */,
				F027AF882CD1497D00AE1859 /* User.swift in Sources */,
				F027AF862CD1496200AE1859 /* ToDoListItemView.swift in Sources */,
				F0A30A922CD14189000B9C93 /* TO_DOApp.swift in Sources */,
				F027AF8A2CD1498B00AE1859 /* ToDoListItem.swift in Sources */,
				F027AF802CD1491000AE1859 /* NewItemView.swift in Sources */,
			);
			runOnlyForDeploymentPostprocessing = 0;
		};
/* End PBXSourcesBuildPhase section */

/* Begin XCBuildConfiguration section */
		F0A30A9A2CD1418B000B9C93 /* Debug */ = {
			isa = XCBuildConfiguration;
			buildSettings = {
				ALWAYS_SEARCH_USER_PATHS = NO;
				ASSETCATALOG_COMPILER_GENERATE_SWIFT_ASSET_SYMBOL_EXTENSIONS = YES;
				CLANG_ANALYZER_NONNULL = YES;
				CLANG_ANALYZER_NUMBER_OBJECT_CONVERSION = YES_AGGRESSIVE;
				CLANG_CXX_LANGUAGE_STANDARD = "gnu++20";
				CLANG_ENABLE_MODULES = YES;
				CLANG_ENABLE_OBJC_ARC = YES;
				CLANG_ENABLE_OBJC_WEAK = YES;
				CLANG_WARN_BLOCK_CAPTURE_AUTORELEASING = YES;
				CLANG_WARN_BOOL_CONVERSION = YES;
				CLANG_WARN_COMMA = YES;
				CLANG_WARN_CONSTANT_CONVERSION = YES;
				CLANG_WARN_DEPRECATED_OBJC_IMPLEMENTATIONS = YES;
				CLANG_WARN_DIRECT_OBJC_ISA_USAGE = YES_ERROR;
				CLANG_WARN_DOCUMENTATION_COMMENTS = YES;
				CLANG_WARN_EMPTY_BODY = YES;
				CLANG_WARN_ENUM_CONVERSION = YES;
				CLANG_WARN_INFINITE_RECURSION = YES;
				CLANG_WARN_INT_CONVERSION = YES;
				CLANG_WARN_NON_LITERAL_NULL_CONVERSION = YES;
				CLANG_WARN_OBJC_IMPLICIT_RETAIN_SELF = YES;
				CLANG_WARN_OBJC_LITERAL_CONVERSION = YES;
				CLANG_WARN_OBJC_ROOT_CLASS = YES_ERROR;
				CLANG_WARN_QUOTED_INCLUDE_IN_FRAMEWORK_HEADER = YES;
				CLANG_WARN_RANGE_LOOP_ANALYSIS = YES;
				CLANG_WARN_STRICT_PROTOTYPES = YES;
				CLANG_WARN_SUSPICIOUS_MOVE = YES;
				CLANG_WARN_UNGUARDED_AVAILABILITY = YES_AGGRESSIVE;
				CLANG_WARN_UNREACHABLE_CODE = YES;
				CLANG_WARN__DUPLICATE_METHOD_MATCH = YES;
				COPY_PHASE_STRIP = NO;
				DEBUG_INFORMATION_FORMAT = dwarf;
				ENABLE_STRICT_OBJC_MSGSEND = YES;
				ENABLE_TESTABILITY = YES;
				ENABLE_USER_SCRIPT_SANDBOXING = YES;
				GCC_C_LANGUAGE_STANDARD = gnu17;
				GCC_DYNAMIC_NO_PIC = NO;
				GCC_NO_COMMON_BLOCKS = YES;
				GCC_OPTIMIZATION_LEVEL = 0;
				GCC_PREPROCESSOR_DEFINITIONS = (
					"DEBUG=1",
					"$(inherited)",
				);
				GCC_WARN_64_TO_32_BIT_CONVERSION = YES;
				GCC_WARN_ABOUT_RETURN_TYPE = YES_ERROR;
				GCC_WARN_UNDECLARED_SELECTOR = YES;
				GCC_WARN_UNINITIALIZED_AUTOS = YES_AGGRESSIVE;
				GCC_WARN_UNUSED_FUNCTION = YES;
				GCC_WARN_UNUSED_VARIABLE = YES;
				IPHONEOS_DEPLOYMENT_TARGET = 17.4;
				LOCALIZATION_PREFERS_STRING_CATALOGS = YES;
				MTL_ENABLE_DEBUG_INFO = INCLUDE_SOURCE;
				MTL_FAST_MATH = YES;
				ONLY_ACTIVE_ARCH = YES;
				SDKROOT = iphoneos;
				SWIFT_ACTIVE_COMPILATION_CONDITIONS = "DEBUG $(inherited)";
				SWIFT_OPTIMIZATION_LEVEL = "-Onone";
			};
			name = Debug;
		};
		F0A30A9B2CD1418B000B9C93 /* Release */ = {
			isa = XCBuildConfiguration;
			buildSettings = {
				ALWAYS_SEARCH_USER_PATHS = NO;
				ASSETCATALOG_COMPILER_GENERATE_SWIFT_ASSET_SYMBOL_EXTENSIONS = YES;
				CLANG_ANALYZER_NONNULL = YES;
				CLANG_ANALYZER_NUMBER_OBJECT_CONVERSION = YES_AGGRESSIVE;
				CLANG_CXX_LANGUAGE_STANDARD = "gnu++20";
				CLANG_ENABLE_MODULES = YES;
				CLANG_ENABLE_OBJC_ARC = YES;
				CLANG_ENABLE_OBJC_WEAK = YES;
				CLANG_WARN_BLOCK_CAPTURE_AUTORELEASING = YES;
				CLANG_WARN_BOOL_CONVERSION = YES;
				CLANG_WARN_COMMA = YES;
				CLANG_WARN_CONSTANT_CONVERSION = YES;
				CLANG_WARN_DEPRECATED_OBJC_IMPLEMENTATIONS = YES;
				CLANG_WARN_DIRECT_OBJC_ISA_USAGE = YES_ERROR;
				CLANG_WARN_DOCUMENTATION_COMMENTS = YES;
				CLANG_WARN_EMPTY_BODY = YES;
				CLANG_WARN_ENUM_CONVERSION = YES;
				CLANG_WARN_INFINITE_RECURSION = YES;
				CLANG_WARN_INT_CONVERSION = YES;
				CLANG_WARN_NON_LITERAL_NULL_CONVERSION = YES;
				CLANG_WARN_OBJC_IMPLICIT_RETAIN_SELF = YES;
				CLANG_WARN_OBJC_LITERAL_CONVERSION = YES;
				CLANG_WARN_OBJC_ROOT_CLASS = YES_ERROR;
				CLANG_WARN_QUOTED_INCLUDE_IN_FRAMEWORK_HEADER = YES;
				CLANG_WARN_RANGE_LOOP_ANALYSIS = YES;
				CLANG_WARN_STRICT_PROTOTYPES = YES;
				CLANG_WARN_SUSPICIOUS_MOVE = YES;
				CLANG_WARN_UNGUARDED_AVAILABILITY = YES_AGGRESSIVE;
				CLANG_WARN_UNREACHABLE_CODE = YES;
				CLANG_WARN__DUPLICATE_METHOD_MATCH = YES;
				COPY_PHASE_STRIP = NO;
				DEBUG_INFORMATION_FORMAT = "dwarf-with-dsym";
				ENABLE_NS_ASSERTIONS = NO;
				ENABLE_STRICT_OBJC_MSGSEND = YES;
				ENABLE_USER_SCRIPT_SANDBOXING = YES;
				GCC_C_LANGUAGE_STANDARD = gnu17;
				GCC_NO_COMMON_BLOCKS = YES;
				GCC_WARN_64_TO_32_BIT_CONVERSION = YES;
				GCC_WARN_ABOUT_RETURN_TYPE = YES_ERROR;
				GCC_WARN_UNDECLARED_SELECTOR = YES;
				GCC_WARN_UNINITIALIZED_AUTOS = YES_AGGRESSIVE;
				GCC_WARN_UNUSED_FUNCTION = YES;
				GCC_WARN_UNUSED_VARIABLE = YES;
				IPHONEOS_DEPLOYMENT_TARGET = 17.4;
				LOCALIZATION_PREFERS_STRING_CATALOGS = YES;
				MTL_ENABLE_DEBUG_INFO = NO;
				MTL_FAST_MATH = YES;
				SDKROOT = iphoneos;
				SWIFT_COMPILATION_MODE = wholemodule;
				VALIDATE_PRODUCT = YES;
			};
			name = Release;
		};
		F0A30A9D2CD1418B000B9C93 /* Debug */ = {
			isa = XCBuildConfiguration;
			buildSettings = {
				ASSETCATALOG_COMPILER_APPICON_NAME = AppIcon;
				ASSETCATALOG_COMPILER_GLOBAL_ACCENT_COLOR_NAME = AccentColor;
				CODE_SIGN_STYLE = Automatic;
				CURRENT_PROJECT_VERSION = 1;
				DEVELOPMENT_ASSET_PATHS = "\"TO-DO/Preview Content\"";
				ENABLE_PREVIEWS = YES;
				GENERATE_INFOPLIST_FILE = YES;
				INFOPLIST_KEY_UIApplicationSceneManifest_Generation = YES;
				INFOPLIST_KEY_UIApplicationSupportsIndirectInputEvents = YES;
				INFOPLIST_KEY_UILaunchScreen_Generation = YES;
				INFOPLIST_KEY_UISupportedInterfaceOrientations = UIInterfaceOrientationPortrait;
				LD_RUNPATH_SEARCH_PATHS = (
					"$(inherited)",
					"@executable_path/Frameworks",
				);
				MARKETING_VERSION = 1.0;
				PRODUCT_BUNDLE_IDENTIFIER = "yildizaydd.TO-DO";
				PRODUCT_NAME = "$(TARGET_NAME)";
				SWIFT_EMIT_LOC_STRINGS = YES;
				SWIFT_VERSION = 5.0;
				TARGETED_DEVICE_FAMILY = "1,2";
			};
			name = Debug;
		};
		F0A30A9E2CD1418B000B9C93 /* Release */ = {
			isa = XCBuildConfiguration;
			buildSettings = {
				ASSETCATALOG_COMPILER_APPICON_NAME = AppIcon;
				ASSETCATALOG_COMPILER_GLOBAL_ACCENT_COLOR_NAME = AccentColor;
				CODE_SIGN_STYLE = Automatic;
				CURRENT_PROJECT_VERSION = 1;
				DEVELOPMENT_ASSET_PATHS = "\"TO-DO/Preview Content\"";
				ENABLE_PREVIEWS = YES;
				GENERATE_INFOPLIST_FILE = YES;
				INFOPLIST_KEY_UIApplicationSceneManifest_Generation = YES;
				INFOPLIST_KEY_UIApplicationSupportsIndirectInputEvents = YES;
				INFOPLIST_KEY_UILaunchScreen_Generation = YES;
				INFOPLIST_KEY_UISupportedInterfaceOrientations = UIInterfaceOrientationPortrait;
				LD_RUNPATH_SEARCH_PATHS = (
					"$(inherited)",
					"@executable_path/Frameworks",
				);
				MARKETING_VERSION = 1.0;
				PRODUCT_BUNDLE_IDENTIFIER = "yildizaydd.TO-DO";
				PRODUCT_NAME = "$(TARGET_NAME)";
				SWIFT_EMIT_LOC_STRINGS = YES;
				SWIFT_VERSION = 5.0;
				TARGETED_DEVICE_FAMILY = "1,2";
			};
			name = Release;
		};
/* End XCBuildConfiguration section */

/* Begin XCConfigurationList section */
		F0A30A892CD14189000B9C93 /* Build configuration list for PBXProject "TO-DO" */ = {
			isa = XCConfigurationList;
			buildConfigurations = (
				F0A30A9A2CD1418B000B9C93 /* Debug */,
				F0A30A9B2CD1418B000B9C93 /* Release */,
			);
			defaultConfigurationIsVisible = 0;
			defaultConfigurationName = Release;
		};
		F0A30A9C2CD1418B000B9C93 /* Build configuration list for PBXNativeTarget "TO-DO" */ = {
			isa = XCConfigurationList;
			buildConfigurations = (
				F0A30A9D2CD1418B000B9C93 /* Debug */,
				F0A30A9E2CD1418B000B9C93 /* Release */,
			);
			defaultConfigurationIsVisible = 0;
			defaultConfigurationName = Release;
		};
/* End XCConfigurationList section */

/* Begin XCRemoteSwiftPackageReference section */
		F0A30A9F2CD145A1000B9C93 /* XCRemoteSwiftPackageReference "firebase-ios-sdk" */ = {
			isa = XCRemoteSwiftPackageReference;
			repositoryURL = "https://github.com/firebase/firebase-ios-sdk.git";
			requirement = {
				kind = upToNextMajorVersion;
				minimumVersion = 11.4.0;
			};
		};
/* End XCRemoteSwiftPackageReference section */

/* Begin XCSwiftPackageProductDependency section */
		F0A30AA02CD145A2000B9C93 /* FirebaseAnalytics */ = {
			isa = XCSwiftPackageProductDependency;
			package = F0A30A9F2CD145A1000B9C93 /* XCRemoteSwiftPackageReference "firebase-ios-sdk" */;
			productName = FirebaseAnalytics;
		};
		F0A30AA22CD145A2000B9C93 /* FirebaseAuth */ = {
			isa = XCSwiftPackageProductDependency;
			package = F0A30A9F2CD145A1000B9C93 /* XCRemoteSwiftPackageReference "firebase-ios-sdk" */;
			productName = FirebaseAuth;
		};
		F0A30AA42CD145A2000B9C93 /* FirebaseCore */ = {
			isa = XCSwiftPackageProductDependency;
			package = F0A30A9F2CD145A1000B9C93 /* XCRemoteSwiftPackageReference "firebase-ios-sdk" */;
			productName = FirebaseCore;
		};
		F0A30AA62CD145A2000B9C93 /* FirebaseDatabase */ = {
			isa = XCSwiftPackageProductDependency;
			package = F0A30A9F2CD145A1000B9C93 /* XCRemoteSwiftPackageReference "firebase-ios-sdk" */;
			productName = FirebaseDatabase;
		};
		F0A30AA82CD145A2000B9C93 /* FirebaseFirestore */ = {
			isa = XCSwiftPackageProductDependency;
			package = F0A30A9F2CD145A1000B9C93 /* XCRemoteSwiftPackageReference "firebase-ios-sdk" */;
			productName = FirebaseFirestore;
		};
		F0A30AAA2CD145A2000B9C93 /* FirebaseStorage */ = {
			isa = XCSwiftPackageProductDependency;
			package = F0A30A9F2CD145A1000B9C93 /* XCRemoteSwiftPackageReference "firebase-ios-sdk" */;
			productName = FirebaseStorage;
		};
/* End XCSwiftPackageProductDependency section */
	};
	rootObject = F0A30A862CD14189000B9C93 /* Project object */;
}
